
Microsoft Visual Studio Solution File, Format Version 12.00
# Visual Studio Version 17
VisualStudioVersion = 17.4.33213.308
MinimumVisualStudioVersion = 10.0.40219.1
Project("{9A19103F-16F7-4668-BE54-9A1E7A4F7556}") = "Produkty", "Produkty.csproj", "{6DA12AA3-8D79-49E0-8B4D-B3D21D501E8D}"
EndProject
Project("{9A19103F-16F7-4668-BE54-9A1E7A4F7556}") = "ProductData", "..\ProductData\ProductData.csproj", "{078E669A-01CF-4D85-A71E-DBD50E61BA23}"
EndProject
Project("{FAE04EC0-301F-11D3-BF4B-00C04F79EFBC}") = "ProductTests", "..\ProductTests\ProductTests.csproj", "{3CC59D36-A303-4828-8565-4501C9167DB0}"
EndProject
Global
	GlobalSection(SolutionConfigurationPlatforms) = preSolution
		Debug|Any CPU = Debug|Any CPU
		Release|Any CPU = Release|Any CPU
	EndGlobalSection
	GlobalSection(ProjectConfigurationPlatforms) = postSolution
		{6DA12AA3-8D79-49E0-8B4D-B3D21D501E8D}.Debug|Any CPU.ActiveCfg = Debug|Any CPU
		{6DA12AA3-8D79-49E0-8B4D-B3D21D501E8D}.Debug|Any CPU.Build.0 = Debug|Any CPU
		{6DA12AA3-8D79-49E0-8B4D-B3D21D501E8D}.Release|Any CPU.ActiveCfg = Release|Any CPU
		{6DA12AA3-8D79-49E0-8B4D-B3D21D501E8D}.Release|Any CPU.Build.0 = Release|Any CPU
		{078E669A-01CF-4D85-A71E-DBD50E61BA23}.Debug|Any CPU.ActiveCfg = Debug|Any CPU
		{078E669A-01CF-4D85-A71E-DBD50E61BA23}.Debug|Any CPU.Build.0 = Debug|Any CPU
		{078E669A-01CF-4D85-A71E-DBD50E61BA23}.Release|Any CPU.ActiveCfg = Release|Any CPU
		{078E669A-01CF-4D85-A71E-DBD50E61BA23}.Release|Any CPU.Build.0 = Release|Any CPU
		{3CC59D36-A303-4828-8565-4501C9167DB0}.Debug|Any CPU.ActiveCfg = Debug|Any CPU
		{3CC59D36-A303-4828-8565-4501C9167DB0}.Debug|Any CPU.Build.0 = Debug|Any CPU
		{3CC59D36-A303-4828-8565-4501C9167DB0}.Release|Any CPU.ActiveCfg = Release|Any CPU
		{3CC59D36-A303-4828-8565-4501C9167DB0}.Release|Any CPU.Build.0 = Release|Any CPU
	EndGlobalSection
	GlobalSection(SolutionProperties) = preSolution
		HideSolutionNode = FALSE
	EndGlobalSection
	GlobalSection(ExtensibilityGlobals) = postSolution
		SolutionGuid = {FCE64A85-24CC-49A2-986E-D10B5E86BA46}
	EndGlobalSection
EndGlobal
